
Microsoft Visual Studio Solution File, Format Version 12.00
# Visual Studio Version 16
VisualStudioVersion = 16.0.31424.327
MinimumVisualStudioVersion = 10.0.40219.1
Project("{9A19103F-16F7-4668-BE54-9A1E7A4F7556}") = "CapaDatos", "ClassLibrary1\CapaDatos.csproj", "{D1F1267B-CEAB-4773-BE1C-FA4682F7ADED}"
EndProject
Project("{9A19103F-16F7-4668-BE54-9A1E7A4F7556}") = "CapaNegocio", "CapaNegocio\CapaNegocio.csproj", "{F3C15D22-88A5-4381-8EA0-767526457C49}"
EndProject
Project("{FAE04EC0-301F-11D3-BF4B-00C04F79EFBC}") = "CapaPresentacion", "CapaPresentacion\CapaPresentacion.csproj", "{7307229E-24F0-49D3-8F32-CA4873501B60}"
	ProjectSection(ProjectDependencies) = postProject
		{F3C15D22-88A5-4381-8EA0-767526457C49} = {F3C15D22-88A5-4381-8EA0-767526457C49}
		{D1F1267B-CEAB-4773-BE1C-FA4682F7ADED} = {D1F1267B-CEAB-4773-BE1C-FA4682F7ADED}
	EndProjectSection
EndProject
Global
	GlobalSection(SolutionConfigurationPlatforms) = preSolution
		Debug|Any CPU = Debug|Any CPU
		Release|Any CPU = Release|Any CPU
	EndGlobalSection
	GlobalSection(ProjectConfigurationPlatforms) = postSolution
		{D1F1267B-CEAB-4773-BE1C-FA4682F7ADED}.Debug|Any CPU.ActiveCfg = Debug|Any CPU
		{D1F1267B-CEAB-4773-BE1C-FA4682F7ADED}.Debug|Any CPU.Build.0 = Debug|Any CPU
		{D1F1267B-CEAB-4773-BE1C-FA4682F7ADED}.Release|Any CPU.ActiveCfg = Release|Any CPU
		{D1F1267B-CEAB-4773-BE1C-FA4682F7ADED}.Release|Any CPU.Build.0 = Release|Any CPU
		{F3C15D22-88A5-4381-8EA0-767526457C49}.Debug|Any CPU.ActiveCfg = Debug|Any CPU
		{F3C15D22-88A5-4381-8EA0-767526457C49}.Debug|Any CPU.Build.0 = Debug|Any CPU
		{F3C15D22-88A5-4381-8EA0-767526457C49}.Release|Any CPU.ActiveCfg = Release|Any CPU
		{F3C15D22-88A5-4381-8EA0-767526457C49}.Release|Any CPU.Build.0 = Release|Any CPU
		{7307229E-24F0-49D3-8F32-CA4873501B60}.Debug|Any CPU.ActiveCfg = Debug|Any CPU
		{7307229E-24F0-49D3-8F32-CA4873501B60}.Debug|Any CPU.Build.0 = Debug|Any CPU
		{7307229E-24F0-49D3-8F32-CA4873501B60}.Release|Any CPU.ActiveCfg = Release|Any CPU
		{7307229E-24F0-49D3-8F32-CA4873501B60}.Release|Any CPU.Build.0 = Release|Any CPU
	EndGlobalSection
	GlobalSection(SolutionProperties) = preSolution
		HideSolutionNode = FALSE
	EndGlobalSection
	GlobalSection(ExtensibilityGlobals) = postSolution
		SolutionGuid = {0920A5D1-0D47-4FCA-A3DB-D7A7DF06C362}
	EndGlobalSection
EndGlobal
